
Microsoft Visual Studio Solution File, Format Version 12.00
# Visual Studio Version 17
VisualStudioVersion = 17.14.37027.9 d17.14
MinimumVisualStudioVersion = 10.0.40219.1
Project("{FAE04EC0-301F-11D3-BF4B-00C04F79EFBC}") = "Store.Api", "Store.Api\Store.Api.csproj", "{52C9A03C-0A89-4FDD-B0D7-F4713BAA99F2}"
EndProject
Global
	GlobalSection(SolutionConfigurationPlatforms) = preSolution
		Debug|Any CPU = Debug|Any CPU
		Release|Any CPU = Release|Any CPU
	EndGlobalSection
	GlobalSection(ProjectConfigurationPlatforms) = postSolution
		{52C9A03C-0A89-4FDD-B0D7-F4713BAA99F2}.Debug|Any CPU.ActiveCfg = Debug|Any CPU
		{52C9A03C-0A89-4FDD-B0D7-F4713BAA99F2}.Debug|Any CPU.Build.0 = Debug|Any CPU
		{52C9A03C-0A89-4FDD-B0D7-F4713BAA99F2}.Release|Any CPU.ActiveCfg = Release|Any CPU
		{52C9A03C-0A89-4FDD-B0D7-F4713BAA99F2}.Release|Any CPU.Build.0 = Release|Any CPU
	EndGlobalSection
	GlobalSection(SolutionProperties) = preSolution
		HideSolutionNode = FALSE
	EndGlobalSection
	GlobalSection(ExtensibilityGlobals) = postSolution
		SolutionGuid = {2677DD0A-9467-4CD8-A463-AB08480984C2}
	EndGlobalSection
EndGlobal
